
Microsoft Visual Studio Solution File, Format Version 11.00
# Visual Studio 2010
Project("{FAE04EC0-301F-11D3-BF4B-00C04F79EFBC}") = "Assembly-CSharp", "Assembly-CSharp.csproj", "{59a914f3-a9c1-5ff0-ab1f-69be274197c2}"
EndProject
Project("{FAE04EC0-301F-11D3-BF4B-00C04F79EFBC}") = "PathCreator", "PathCreator.csproj", "{7e7d1aa7-0865-f9f8-eab2-0a822833012a}"
EndProject
Project("{FAE04EC0-301F-11D3-BF4B-00C04F79EFBC}") = "PathCreatorEditor", "PathCreatorEditor.csproj", "{8db3b564-372f-ac0a-9966-bfcec1bc1241}"
EndProject
Project("{FAE04EC0-301F-11D3-BF4B-00C04F79EFBC}") = "Assembly-CSharp-Editor", "Assembly-CSharp-Editor.csproj", "{8222dd2b-764d-9ade-1157-9175f6369683}"
EndProject
Global
	GlobalSection(SolutionConfigurationPlatforms) = preSolution
		Debug|Any CPU = Debug|Any CPU
	EndGlobalSection
	GlobalSection(ProjectConfigurationPlatforms) = postSolution
		{59a914f3-a9c1-5ff0-ab1f-69be274197c2}.Debug|Any CPU.ActiveCfg = Debug|Any CPU
		{59a914f3-a9c1-5ff0-ab1f-69be274197c2}.Debug|Any CPU.Build.0 = Debug|Any CPU
		{7e7d1aa7-0865-f9f8-eab2-0a822833012a}.Debug|Any CPU.ActiveCfg = Debug|Any CPU
		{7e7d1aa7-0865-f9f8-eab2-0a822833012a}.Debug|Any CPU.Build.0 = Debug|Any CPU
		{8db3b564-372f-ac0a-9966-bfcec1bc1241}.Debug|Any CPU.ActiveCfg = Debug|Any CPU
		{8db3b564-372f-ac0a-9966-bfcec1bc1241}.Debug|Any CPU.Build.0 = Debug|Any CPU
		{8222dd2b-764d-9ade-1157-9175f6369683}.Debug|Any CPU.ActiveCfg = Debug|Any CPU
		{8222dd2b-764d-9ade-1157-9175f6369683}.Debug|Any CPU.Build.0 = Debug|Any CPU
	EndGlobalSection
	GlobalSection(SolutionProperties) = preSolution
		HideSolutionNode = FALSE
	EndGlobalSection
EndGlobal
